// !$*UTF8*$!
{
	archiveVersion = 1;
	classes = {
	};
	objectVersion = 50;
	objects = {

/* Begin PBXBuildFile section */
		53CA311F21B550CB002FE7A9 /* AppDelegate.swift in Sources */ = {isa = PBXBuildFile; fileRef = 53CA311E21B550CB002FE7A9 /* AppDelegate.swift */; };
		53CA312121B550CB002FE7A9 /* ViewController.swift in Sources */ = {isa = PBXBuildFile; fileRef = 53CA312021B550CB002FE7A9 /* ViewController.swift */; };
		53CA312421B550CB002FE7A9 /* Main.storyboard in Resources */ = {isa = PBXBuildFile; fileRef = 53CA312221B550CB002FE7A9 /* Main.storyboard */; };
		53CA312621B550CF002FE7A9 /* Assets.xcassets in Resources */ = {isa = PBXBuildFile; fileRef = 53CA312521B550CF002FE7A9 /* Assets.xcassets */; };
		53CA312921B550CF002FE7A9 /* LaunchScreen.storyboard in Resources */ = {isa = PBXBuildFile; fileRef = 53CA312721B550CF002FE7A9 /* LaunchScreen.storyboard */; };
		53CA313421B550CF002FE7A9 /* BMI_calculatorTests.swift in Sources */ = {isa = PBXBuildFile; fileRef = 53CA313321B550CF002FE7A9 /* BMI_calculatorTests.swift */; };
		53CA313F21B550CF002FE7A9 /* BMI_calculatorUITests.swift in Sources */ = {isa = PBXBuildFile; fileRef = 53CA313E21B550CF002FE7A9 /* BMI_calculatorUITests.swift */; };
/* End PBXBuildFile section */

/* Begin PBXContainerItemProxy section */
		53CA313021B550CF002FE7A9 /* PBXContainerItemProxy */ = {
			isa = PBXContainerItemProxy;
			containerPortal = 53CA311321B550CB002FE7A9 /* Project object */;
			proxyType = 1;
			remoteGlobalIDString = 53CA311A21B550CB002FE7A9;
			remoteInfo = BMI_calculator;
		};
		53CA313B21B550CF002FE7A9 /* PBXContainerItemProxy */ = {
			isa = PBXContainerItemProxy;
			containerPortal = 53CA311321B550CB002FE7A9 /* Project object */;
			proxyType = 1;
			remoteGlobalIDString = 53CA311A21B550CB002FE7A9;
			remoteInfo = BMI_calculator;
		};
/* End PBXContainerItemProxy section */

/* Begin PBXFileReference section */
		53CA311B21B550CB002FE7A9 /* BMI_calculator.app */ = {isa = PBXFileReference; explicitFileType = wrapper.application; includeInIndex = 0; path = BMI_calculator.app; sourceTree = BUILT_PRODUCTS_DIR; };
		53CA311E21B550CB002FE7A9 /* AppDelegate.swift */ = {isa = PBXFileReference; lastKnownFileType = sourcecode.swift; path = AppDelegate.swift; sourceTree = "<group>"; };
		53CA312021B550CB002FE7A9 /* ViewController.swift */ = {isa = PBXFileReference; lastKnownFileType = sourcecode.swift; path = ViewController.swift; sourceTree = "<group>"; };
		53CA312321B550CB002FE7A9 /* Base */ = {isa = PBXFileReference; lastKnownFileType = file.storyboard; name = Base; path = Base.lproj/Main.storyboard; sourceTree = "<group>"; };
		53CA312521B550CF002FE7A9 /* Assets.xcassets */ = {isa = PBXFileReference; lastKnownFileType = folder.assetcatalog; path = Assets.xcassets; sourceTree = "<group>"; };
		53CA312821B550CF002FE7A9 /* Base */ = {isa = PBXFileReference; lastKnownFileType = file.storyboard; name = Base; path = Base.lproj/LaunchScreen.storyboard; sourceTree = "<group>"; };
		53CA312A21B550CF002FE7A9 /* Info.plist */ = {isa = PBXFileReference; lastKnownFileType = text.plist.xml; path = Info.plist; sourceTree = "<group>"; };
		53CA312F21B550CF002FE7A9 /* BMI_calculatorTests.xctest */ = {isa = PBXFileReference; explicitFileType = wrapper.cfbundle; includeInIndex = 0; path = BMI_calculatorTests.xctest; sourceTree = BUILT_PRODUCTS_DIR; };
		53CA313321B550CF002FE7A9 /* BMI_calculatorTests.swift */ = {isa = PBXFileReference; lastKnownFileType = sourcecode.swift; path = BMI_calculatorTests.swift; sourceTree = "<group>"; };
		53CA313521B550CF002FE7A9 /* Info.plist */ = {isa = PBXFileReference; lastKnownFileType = text.plist.xml; path = Info.plist; sourceTree = "<group>"; };
		53CA313A21B550CF002FE7A9 /* BMI_calculatorUITests.xctest */ = {isa = PBXFileReference; explicitFileType = wrapper.cfbundle; includeInIndex = 0; path = BMI_calculatorUITests.xctest; sourceTree = BUILT_PRODUCTS_DIR; };
		53CA313E21B550CF002FE7A9 /* BMI_calculatorUITests.swift */ = {isa = PBXFileReference; lastKnownFileType = sourcecode.swift; path = BMI_calculatorUITests.swift; sourceTree = "<group>"; };
		53CA314021B550CF002FE7A9 /* Info.plist */ = {isa = PBXFileReference; lastKnownFileType = text.plist.xml; path = Info.plist; sourceTree = "<group>"; };
/* End PBXFileReference section */

/* Begin PBXFrameworksBuildPhase section */
		53CA311821B550CB002FE7A9 /* Frameworks */ = {
			isa = PBXFrameworksBuildPhase;
			buildActionMask = 2147483647;
			files = (
			);
			runOnlyForDeploymentPostprocessing = 0;
		};
		53CA312C21B550CF002FE7A9 /* Frameworks */ = {
			isa = PBXFrameworksBuildPhase;
			buildActionMask = 2147483647;
			files = (
			);
			runOnlyForDeploymentPostprocessing = 0;
		};
		53CA313721B550CF002FE7A9 /* Frameworks */ = {
			isa = PBXFrameworksBuildPhase;
			buildActionMask = 2147483647;
			files = (
			);
			runOnlyForDeploymentPostprocessing = 0;
		};
/* End PBXFrameworksBuildPhase section */

/* Begin PBXGroup section */
		53CA311221B550CB002FE7A9 = {
			isa = PBXGroup;
			children = (
				53CA311D21B550CB002FE7A9 /* BMI_calculator */,
				53CA313221B550CF002FE7A9 /* BMI_calculatorTests */,
				53CA313D21B550CF002FE7A9 /* BMI_calculatorUITests */,
				53CA311C21B550CB002FE7A9 /* Products */,
			);
			sourceTree = "<group>";
		};
		53CA311C21B550CB002FE7A9 /* Products */ = {
			isa = PBXGroup;
			children = (
				53CA311B21B550CB002FE7A9 /* BMI_calculator.app */,
				53CA312F21B550CF002FE7A9 /* BMI_calculatorTests.xctest */,
				53CA313A21B550CF002FE7A9 /* BMI_calculatorUITests.xctest */,
			);
			name = Products;
			sourceTree = "<group>";
		};
		53CA311D21B550CB002FE7A9 /* BMI_calculator */ = {
			isa = PBXGroup;
			children = (
				53CA311E21B550CB002FE7A9 /* AppDelegate.swift */,
				53CA312021B550CB002FE7A9 /* ViewController.swift */,
				53CA312221B550CB002FE7A9 /* Main.storyboard */,
				53CA312521B550CF002FE7A9 /* Assets.xcassets */,
				53CA312721B550CF002FE7A9 /* LaunchScreen.storyboard */,
				53CA312A21B550CF002FE7A9 /* Info.plist */,
			);
			path = BMI_calculator;
			sourceTree = "<group>";
		};
		53CA313221B550CF002FE7A9 /* BMI_calculatorTests */ = {
			isa = PBXGroup;
			children = (
				53CA313321B550CF002FE7A9 /* BMI_calculatorTests.swift */,
				53CA313521B550CF002FE7A9 /* Info.plist */,
			);
			path = BMI_calculatorTests;
			sourceTree = "<group>";
		};
		53CA313D21B550CF002FE7A9 /* BMI_calculatorUITests */ = {
			isa = PBXGroup;
			children = (
				53CA313E21B550CF002FE7A9 /* BMI_calculatorUITests.swift */,
				53CA314021B550CF002FE7A9 /* Info.plist */,
			);
			path = BMI_calculatorUITests;
			sourceTree = "<group>";
		};
/* End PBXGroup section */

/* Begin PBXNativeTarget section */
		53CA311A21B550CB002FE7A9 /* BMI_calculator */ = {
			isa = PBXNativeTarget;
			buildConfigurationList = 53CA314321B550CF002FE7A9 /* Build configuration list for PBXNativeTarget "BMI_calculator" */;
			buildPhases = (
				53CA311721B550CB002FE7A9 /* Sources */,
				53CA311821B550CB002FE7A9 /* Frameworks */,
				53CA311921B550CB002FE7A9 /* Resources */,
			);
			buildRules = (
			);
			dependencies = (
			);
			name = BMI_calculator;
			productName = BMI_calculator;
			productReference = 53CA311B21B550CB002FE7A9 /* BMI_calculator.app */;
			productType = "com.apple.product-type.application";
		};
		53CA312E21B550CF002FE7A9 /* BMI_calculatorTests */ = {
			isa = PBXNativeTarget;
			buildConfigurationList = 53CA314621B550CF002FE7A9 /* Build configuration list for PBXNativeTarget "BMI_calculatorTests" */;
			buildPhases = (
				53CA312B21B550CF002FE7A9 /* Sources */,
				53CA312C21B550CF002FE7A9 /* Frameworks */,
				53CA312D21B550CF002FE7A9 /* Resources */,
			);
			buildRules = (
			);
			dependencies = (
				53CA313121B550CF002FE7A9 /* PBXTargetDependency */,
			);
			name = BMI_calculatorTests;
			productName = BMI_calculatorTests;
			productReference = 53CA312F21B550CF002FE7A9 /* BMI_calculatorTests.xctest */;
			productType = "com.apple.product-type.bundle.unit-test";
		};
		53CA313921B550CF002FE7A9 /* BMI_calculatorUITests */ = {
			isa = PBXNativeTarget;
			buildConfigurationList = 53CA314921B550CF002FE7A9 /* Build configuration list for PBXNativeTarget "BMI_calculatorUITests" */;
			buildPhases = (
				53CA313621B550CF002FE7A9 /* Sources */,
				53CA313721B550CF002FE7A9 /* Frameworks */,
				53CA313821B550CF002FE7A9 /* Resources */,
			);
			buildRules = (
			);
			dependencies = (
				53CA313C21B550CF002FE7A9 /* PBXTargetDependency */,
			);
			name = BMI_calculatorUITests;
			productName = BMI_calculatorUITests;
			productReference = 53CA313A21B550CF002FE7A9 /* BMI_calculatorUITests.xctest */;
			productType = "com.apple.product-type.bundle.ui-testing";
		};
/* End PBXNativeTarget section */

/* Begin PBXProject section */
		53CA311321B550CB002FE7A9 /* Project object */ = {
			isa = PBXProject;
			attributes = {
				LastSwiftUpdateCheck = 1010;
				LastUpgradeCheck = 1010;
				ORGANIZATIONNAME = Himawari;
				TargetAttributes = {
					53CA311A21B550CB002FE7A9 = {
						CreatedOnToolsVersion = 10.1;
					};
					53CA312E21B550CF002FE7A9 = {
						CreatedOnToolsVersion = 10.1;
						TestTargetID = 53CA311A21B550CB002FE7A9;
					};
					53CA313921B550CF002FE7A9 = {
						CreatedOnToolsVersion = 10.1;
						TestTargetID = 53CA311A21B550CB002FE7A9;
					};
				};
			};
			buildConfigurationList = 53CA311621B550CB002FE7A9 /* Build configuration list for PBXProject "BMI_calculator" */;
			compatibilityVersion = "Xcode 9.3";
			developmentRegion = en;
			hasScannedForEncodings = 0;
			knownRegions = (
				en,
				Base,
			);
			mainGroup = 53CA311221B550CB002FE7A9;
			productRefGroup = 53CA311C21B550CB002FE7A9 /* Products */;
			projectDirPath = "";
			projectRoot = "";
			targets = (
				53CA311A21B550CB002FE7A9 /* BMI_calculator */,
				53CA312E21B550CF002FE7A9 /* BMI_calculatorTests */,
				53CA313921B550CF002FE7A9 /* BMI_calculatorUITests */,
			);
		};
/* End PBXProject section */

/* Begin PBXResourcesBuildPhase section */
		53CA311921B550CB002FE7A9 /* Resources */ = {
			isa = PBXResourcesBuildPhase;
			buildActionMask = 2147483647;
			files = (
				53CA312921B550CF002FE7A9 /* LaunchScreen.storyboard in Resources */,
				53CA312621B550CF002FE7A9 /* Assets.xcassets in Resources */,
				53CA312421B550CB002FE7A9 /* Main.storyboard in Resources */,
			);
			runOnlyForDeploymentPostprocessing = 0;
		};
		53CA312D21B550CF002FE7A9 /* Resources */ = {
			isa = PBXResourcesBuildPhase;
			buildActionMask = 2147483647;
			files = (
			);
			runOnlyForDeploymentPostprocessing = 0;
		};
		53CA313821B550CF002FE7A9 /* Resources */ = {
			isa = PBXResourcesBuildPhase;
			buildActionMask = 2147483647;
			files = (
			);
			runOnlyForDeploymentPostprocessing = 0;
		};
/* End PBXResourcesBuildPhase section */

/* Begin PBXSourcesBuildPhase section */
		53CA311721B550CB002FE7A9 /* Sources */ = {
			isa = PBXSourcesBuildPhase;
			buildActionMask = 2147483647;
			files = (
				53CA312121B550CB002FE7A9 /* ViewController.swift in Sources */,
				53CA311F21B550CB002FE7A9 /* AppDelegate.swift in Sources */,
			);
			runOnlyForDeploymentPostprocessing = 0;
		};
		53CA312B21B550CF002FE7A9 /* Sources */ = {
			isa = PBXSourcesBuildPhase;
			buildActionMask = 2147483647;
			files = (
				53CA313421B550CF002FE7A9 /* BMI_calculatorTests.swift in Sources */,
			);
			runOnlyForDeploymentPostprocessing = 0;
		};
		53CA313621B550CF002FE7A9 /* Sources */ = {
			isa = PBXSourcesBuildPhase;
			buildActionMask = 2147483647;
			files = (
				53CA313F21B550CF002FE7A9 /* BMI_calculatorUITests.swift in Sources */,
			);
			runOnlyForDeploymentPostprocessing = 0;
		};
/* End PBXSourcesBuildPhase section */

/* Begin PBXTargetDependency section */
		53CA313121B550CF002FE7A9 /* PBXTargetDependency */ = {
			isa = PBXTargetDependency;
			target = 53CA311A21B550CB002FE7A9 /* BMI_calculator */;
			targetProxy = 53CA313021B550CF002FE7A9 /* PBXContainerItemProxy */;
		};
		53CA313C21B550CF002FE7A9 /* PBXTargetDependency */ = {
			isa = PBXTargetDependency;
			target = 53CA311A21B550CB002FE7A9 /* BMI_calculator */;
			targetProxy = 53CA313B21B550CF002FE7A9 /* PBXContainerItemProxy */;
		};
/* End PBXTargetDependency section */

/* Begin PBXVariantGroup section */
		53CA312221B550CB002FE7A9 /* Main.storyboard */ = {
			isa = PBXVariantGroup;
			children = (
				53CA312321B550CB002FE7A9 /* Base */,
			);
			name = Main.storyboard;
			sourceTree = "<group>";
		};
		53CA312721B550CF002FE7A9 /* LaunchScreen.storyboard */ = {
			isa = PBXVariantGroup;
			children = (
				53CA312821B550CF002FE7A9 /* Base */,
			);
			name = LaunchScreen.storyboard;
			sourceTree = "<group>";
		};
/* End PBXVariantGroup section */

/* Begin XCBuildConfiguration section */
		53CA314121B550CF002FE7A9 /* Debug */ = {
			isa = XCBuildConfiguration;
			buildSettings = {
				ALWAYS_SEARCH_USER_PATHS = NO;
				CLANG_ANALYZER_NONNULL = YES;
				CLANG_ANALYZER_NUMBER_OBJECT_CONVERSION = YES_AGGRESSIVE;
				CLANG_CXX_LANGUAGE_STANDARD = "gnu++14";
				CLANG_CXX_LIBRARY = "libc++";
				CLANG_ENABLE_MODULES = YES;
				CLANG_ENABLE_OBJC_ARC = YES;
				CLANG_ENABLE_OBJC_WEAK = YES;
				CLANG_WARN_BLOCK_CAPTURE_AUTORELEASING = YES;
				CLANG_WARN_BOOL_CONVERSION = YES;
				CLANG_WARN_COMMA = YES;
				CLANG_WARN_CONSTANT_CONVERSION = YES;
				CLANG_WARN_DEPRECATED_OBJC_IMPLEMENTATIONS = YES;
				CLANG_WARN_DIRECT_OBJC_ISA_USAGE = YES_ERROR;
				CLANG_WARN_DOCUMENTATION_COMMENTS = YES;
				CLANG_WARN_EMPTY_BODY = YES;
				CLANG_WARN_ENUM_CONVERSION = YES;
				CLANG_WARN_INFINITE_RECURSION = YES;
				CLANG_WARN_INT_CONVERSION = YES;
				CLANG_WARN_NON_LITERAL_NULL_CONVERSION = YES;
				CLANG_WARN_OBJC_IMPLICIT_RETAIN_SELF = YES;
				CLANG_WARN_OBJC_LITERAL_CONVERSION = YES;
				CLANG_WARN_OBJC_ROOT_CLASS = YES_ERROR;
				CLANG_WARN_RANGE_LOOP_ANALYSIS = YES;
				CLANG_WARN_STRICT_PROTOTYPES = YES;
				CLANG_WARN_SUSPICIOUS_MOVE = YES;
				CLANG_WARN_UNGUARDED_AVAILABILITY = YES_AGGRESSIVE;
				CLANG_WARN_UNREACHABLE_CODE = YES;
				CLANG_WARN__DUPLICATE_METHOD_MATCH = YES;
				CODE_SIGN_IDENTITY = "iPhone Developer";
				COPY_PHASE_STRIP = NO;
				DEBUG_INFORMATION_FORMAT = dwarf;
				ENABLE_STRICT_OBJC_MSGSEND = YES;
				ENABLE_TESTABILITY = YES;
				GCC_C_LANGUAGE_STANDARD = gnu11;
				GCC_DYNAMIC_NO_PIC = NO;
				GCC_NO_COMMON_BLOCKS = YES;
				GCC_OPTIMIZATION_LEVEL = 0;
				GCC_PREPROCESSOR_DEFINITIONS = (
					"DEBUG=1",
					"$(inherited)",
				);
				GCC_WARN_64_TO_32_BIT_CONVERSION = YES;
				GCC_WARN_ABOUT_RETURN_TYPE = YES_ERROR;
				GCC_WARN_UNDECLARED_SELECTOR = YES;
				GCC_WARN_UNINITIALIZED_AUTOS = YES_AGGRESSIVE;
				GCC_WARN_UNUSED_FUNCTION = YES;
				GCC_WARN_UNUSED_VARIABLE = YES;
				IPHONEOS_DEPLOYMENT_TARGET = 12.1;
				MTL_ENABLE_DEBUG_INFO = INCLUDE_SOURCE;
				MTL_FAST_MATH = YES;
				ONLY_ACTIVE_ARCH = YES;
				SDKROOT = iphoneos;
				SWIFT_ACTIVE_COMPILATION_CONDITIONS = DEBUG;
				SWIFT_OPTIMIZATION_LEVEL = "-Onone";
			};
			name = Debug;
		};
		53CA314221B550CF002FE7A9 /* Release */ = {
			isa = XCBuildConfiguration;
			buildSettings = {
				ALWAYS_SEARCH_USER_PATHS = NO;
				CLANG_ANALYZER_NONNULL = YES;
				CLANG_ANALYZER_NUMBER_OBJECT_CONVERSION = YES_AGGRESSIVE;
				CLANG_CXX_LANGUAGE_STANDARD = "gnu++14";
				CLANG_CXX_LIBRARY = "libc++";
				CLANG_ENABLE_MODULES = YES;
				CLANG_ENABLE_OBJC_ARC = YES;
				CLANG_ENABLE_OBJC_WEAK = YES;
				CLANG_WARN_BLOCK_CAPTURE_AUTORELEASING = YES;
				CLANG_WARN_BOOL_CONVERSION = YES;
				CLANG_WARN_COMMA = YES;
				CLANG_WARN_CONSTANT_CONVERSION = YES;
				CLANG_WARN_DEPRECATED_OBJC_IMPLEMENTATIONS = YES;
				CLANG_WARN_DIRECT_OBJC_ISA_USAGE = YES_ERROR;
				CLANG_WARN_DOCUMENTATION_COMMENTS = YES;
				CLANG_WARN_EMPTY_BODY = YES;
				CLANG_WARN_ENUM_CONVERSION = YES;
				CLANG_WARN_INFINITE_RECURSION = YES;
				CLANG_WARN_INT_CONVERSION = YES;
				CLANG_WARN_NON_LITERAL_NULL_CONVERSION = YES;
				CLANG_WARN_OBJC_IMPLICIT_RETAIN_SELF = YES;
				CLANG_WARN_OBJC_LITERAL_CONVERSION = YES;
				CLANG_WARN_OBJC_ROOT_CLASS = YES_ERROR;
				CLANG_WARN_RANGE_LOOP_ANALYSIS = YES;
				CLANG_WARN_STRICT_PROTOTYPES = YES;
				CLANG_WARN_SUSPICIOUS_MOVE = YES;
				CLANG_WARN_UNGUARDED_AVAILABILITY = YES_AGGRESSIVE;
				CLANG_WARN_UNREACHABLE_CODE = YES;
				CLANG_WARN__DUPLICATE_METHOD_MATCH = YES;
				CODE_SIGN_IDENTITY = "iPhone Developer";
				COPY_PHASE_STRIP = NO;
				DEBUG_INFORMATION_FORMAT = "dwarf-with-dsym";
				ENABLE_NS_ASSERTIONS = NO;
				ENABLE_STRICT_OBJC_MSGSEND = YES;
				GCC_C_LANGUAGE_STANDARD = gnu11;
				GCC_NO_COMMON_BLOCKS = YES;
				GCC_WARN_64_TO_32_BIT_CONVERSION = YES;
				GCC_WARN_ABOUT_RETURN_TYPE = YES_ERROR;
				GCC_WARN_UNDECLARED_SELECTOR = YES;
				GCC_WARN_UNINITIALIZED_AUTOS = YES_AGGRESSIVE;
				GCC_WARN_UNUSED_FUNCTION = YES;
				GCC_WARN_UNUSED_VARIABLE = YES;
				IPHONEOS_DEPLOYMENT_TARGET = 12.1;
				MTL_ENABLE_DEBUG_INFO = NO;
				MTL_FAST_MATH = YES;
				SDKROOT = iphoneos;
				SWIFT_COMPILATION_MODE = wholemodule;
				SWIFT_OPTIMIZATION_LEVEL = "-O";
				VALIDATE_PRODUCT = YES;
			};
			name = Release;
		};
		53CA314421B550CF002FE7A9 /* Debug */ = {
			isa = XCBuildConfiguration;
			buildSettings = {
				ASSETCATALOG_COMPILER_APPICON_NAME = AppIcon;
				CODE_SIGN_STYLE = Automatic;
				INFOPLIST_FILE = BMI_calculator/Info.plist;
				LD_RUNPATH_SEARCH_PATHS = (
					"$(inherited)",
					"@executable_path/Frameworks",
				);
				PRODUCT_BUNDLE_IDENTIFIER = "com.yuchiaoc.BMI-calculator";
				PRODUCT_NAME = "$(TARGET_NAME)";
				SWIFT_VERSION = 4.2;
				TARGETED_DEVICE_FAMILY = "1,2";
			};
			name = Debug;
		};
		53CA314521B550CF002FE7A9 /* Release */ = {
			isa = XCBuildConfiguration;
			buildSettings = {
				ASSETCATALOG_COMPILER_APPICON_NAME = AppIcon;
				CODE_SIGN_STYLE = Automatic;
				INFOPLIST_FILE = BMI_calculator/Info.plist;
				LD_RUNPATH_SEARCH_PATHS = (
					"$(inherited)",
					"@executable_path/Frameworks",
				);
				PRODUCT_BUNDLE_IDENTIFIER = "com.yuchiaoc.BMI-calculator";
				PRODUCT_NAME = "$(TARGET_NAME)";
				SWIFT_VERSION = 4.2;
				TARGETED_DEVICE_FAMILY = "1,2";
			};
			name = Release;
		};
		53CA314721B550CF002FE7A9 /* Debug */ = {
			isa = XCBuildConfiguration;
			buildSettings = {
				ALWAYS_EMBED_SWIFT_STANDARD_LIBRARIES = YES;
				BUNDLE_LOADER = "$(TEST_HOST)";
				CODE_SIGN_STYLE = Automatic;
				INFOPLIST_FILE = BMI_calculatorTests/Info.plist;
				LD_RUNPATH_SEARCH_PATHS = (
					"$(inherited)",
					"@executable_path/Frameworks",
					"@loader_path/Frameworks",
				);
				PRODUCT_BUNDLE_IDENTIFIER = "com.yuchiaoc.BMI-calculatorTests";
				PRODUCT_NAME = "$(TARGET_NAME)";
				SWIFT_VERSION = 4.2;
				TARGETED_DEVICE_FAMILY = "1,2";
				TEST_HOST = "$(BUILT_PRODUCTS_DIR)/BMI_calculator.app/BMI_calculator";
			};
			name = Debug;
		};
		53CA314821B550CF002FE7A9 /* Release */ = {
			isa = XCBuildConfiguration;
			buildSettings = {
				ALWAYS_EMBED_SWIFT_STANDARD_LIBRARIES = YES;
				BUNDLE_LOADER = "$(TEST_HOST)";
				CODE_SIGN_STYLE = Automatic;
				INFOPLIST_FILE = BMI_calculatorTests/Info.plist;
				LD_RUNPATH_SEARCH_PATHS = (
					"$(inherited)",
					"@executable_path/Frameworks",
					"@loader_path/Frameworks",
				);
				PRODUCT_BUNDLE_IDENTIFIER = "com.yuchiaoc.BMI-calculatorTests";
				PRODUCT_NAME = "$(TARGET_NAME)";
				SWIFT_VERSION = 4.2;
				TARGETED_DEVICE_FAMILY = "1,2";
				TEST_HOST = "$(BUILT_PRODUCTS_DIR)/BMI_calculator.app/BMI_calculator";
			};
			name = Release;
		};
		53CA314A21B550CF002FE7A9 /* Debug */ = {
			isa = XCBuildConfiguration;
			buildSettings = {
				ALWAYS_EMBED_SWIFT_STANDARD_LIBRARIES = YES;
				CODE_SIGN_STYLE = Automatic;
				INFOPLIST_FILE = BMI_calculatorUITests/Info.plist;
				LD_RUNPATH_SEARCH_PATHS = (
					"$(inherited)",
					"@executable_path/Frameworks",
					"@loader_path/Frameworks",
				);
				PRODUCT_BUNDLE_IDENTIFIER = "com.yuchiaoc.BMI-calculatorUITests";
				PRODUCT_NAME = "$(TARGET_NAME)";
				SWIFT_VERSION = 4.2;
				TARGETED_DEVICE_FAMILY = "1,2";
				TEST_TARGET_NAME = BMI_calculator;
			};
			name = Debug;
		};
		53CA314B21B550CF002FE7A9 /* Release */ = {
			isa = XCBuildConfiguration;
			buildSettings = {
				ALWAYS_EMBED_SWIFT_STANDARD_LIBRARIES = YES;
				CODE_SIGN_STYLE = Automatic;
				INFOPLIST_FILE = BMI_calculatorUITests/Info.plist;
				LD_RUNPATH_SEARCH_PATHS = (
					"$(inherited)",
					"@executable_path/Frameworks",
					"@loader_path/Frameworks",
				);
				PRODUCT_BUNDLE_IDENTIFIER = "com.yuchiaoc.BMI-calculatorUITests";
				PRODUCT_NAME = "$(TARGET_NAME)";
				SWIFT_VERSION = 4.2;
				TARGETED_DEVICE_FAMILY = "1,2";
				TEST_TARGET_NAME = BMI_calculator;
			};
			name = Release;
		};
/* End XCBuildConfiguration section */

/* Begin XCConfigurationList section */
		53CA311621B550CB002FE7A9 /* Build configuration list for PBXProject "BMI_calculator" */ = {
			isa = XCConfigurationList;
			buildConfigurations = (
				53CA314121B550CF002FE7A9 /* Debug */,
				53CA314221B550CF002FE7A9 /* Release */,
			);
			defaultConfigurationIsVisible = 0;
			defaultConfigurationName = Release;
		};
		53CA314321B550CF002FE7A9 /* Build configuration list for PBXNativeTarget "BMI_calculator" */ = {
			isa = XCConfigurationList;
			buildConfigurations = (
				53CA314421B550CF002FE7A9 /* Debug */,
				53CA314521B550CF002FE7A9 /* Release */,
			);
			defaultConfigurationIsVisible = 0;
			defaultConfigurationName = Release;
		};
		53CA314621B550CF002FE7A9 /* Build configuration list for PBXNativeTarget "BMI_calculatorTests" */ = {
			isa = XCConfigurationList;
			buildConfigurations = (
				53CA314721B550CF002FE7A9 /* Debug */,
				53CA314821B550CF002FE7A9 /* Release */,
			);
			defaultConfigurationIsVisible = 0;
			defaultConfigurationName = Release;
		};
		53CA314921B550CF002FE7A9 /* Build configuration list for PBXNativeTarget "BMI_calculatorUITests" */ = {
			isa = XCConfigurationList;
			buildConfigurations = (
				53CA314A21B550CF002FE7A9 /* Debug */,
				53CA314B21B550CF002FE7A9 /* Release */,
			);
			defaultConfigurationIsVisible = 0;
			defaultConfigurationName = Release;
		};
/* End XCConfigurationList section */
	};
	rootObject = 53CA311321B550CB002FE7A9 /* Project object */;
}
